
Microsoft Visual Studio Solution File, Format Version 12.00
# Visual Studio Version 17
VisualStudioVersion = 17.0.31919.166
MinimumVisualStudioVersion = 10.0.40219.1
Project("{8BC9CEB8-8B4A-11D0-8D11-00A0C91BC942}") = "LRInject", "LRInject\LRInject.vcxproj", "{162096E9-09D4-4B56-8E8E-21A6B2F947A2}"
EndProject
Project("{8BC9CEB8-8B4A-11D0-8D11-00A0C91BC942}") = "LRHook", "LRHook\LRHook.vcxproj", "{F6CE975D-8C1C-4239-8938-F3AAEA6C5ACE}"
	ProjectSection(ProjectDependencies) = postProject
		{71E244D1-CE4D-454B-8324-54B0EC660C7E} = {71E244D1-CE4D-454B-8324-54B0EC660C7E}
	EndProjectSection
EndProject
Project("{8BC9CEB8-8B4A-11D0-8D11-00A0C91BC942}") = "LRHookFunc", "LRHookFunc\LRHookFunc.vcxproj", "{71E244D1-CE4D-454B-8324-54B0EC660C7E}"
	ProjectSection(ProjectDependencies) = postProject
		{A20CB1C6-9374-45A4-BCE4-AA2D16274906} = {A20CB1C6-9374-45A4-BCE4-AA2D16274906}
	EndProjectSection
EndProject
Project("{FAE04EC0-301F-11D3-BF4B-00C04F79EFBC}") = "LRSubMenus", "LRSubMenu\LRSubMenus.csproj", "{ED79CEAB-CA8A-47C1-8989-430E3A68F2C3}"
EndProject
Project("{8BC9CEB8-8B4A-11D0-8D11-00A0C91BC942}") = "LRCommonLibrary", "LRCommonLibrary\LRCommonLibrary.vcxproj", "{A20CB1C6-9374-45A4-BCE4-AA2D16274906}"
EndProject
Project("{FAE04EC0-301F-11D3-BF4B-00C04F79EFBC}") = "LRProc", "LRProc\LRProc.csproj", "{43CDD6B4-9AD6-4C9B-A4B7-F4B069968AFC}"
EndProject
Project("{8BC9CEB8-8B4A-11D0-8D11-00A0C91BC942}") = "LRSample", "LRSample\LRSample.vcxproj", "{C1A21DD7-A4CA-41D2-AD6C-206E0D8669CF}"
EndProject
Project("{9A19103F-16F7-4668-BE54-9A1E7A4F7556}") = "LREditor", "LREditor\LREditor.csproj", "{6B1DC588-17F5-4C0D-8ABF-18E4112D5626}"
EndProject
Global
	GlobalSection(SolutionConfigurationPlatforms) = preSolution
		Debug|Any CPU = Debug|Any CPU
		Debug|ARM = Debug|ARM
		Debug|ARM64 = Debug|ARM64
		Debug|x64 = Debug|x64
		Debug|x86 = Debug|x86
		Release|Any CPU = Release|Any CPU
		Release|ARM = Release|ARM
		Release|ARM64 = Release|ARM64
		Release|x64 = Release|x64
		Release|x86 = Release|x86
	EndGlobalSection
	GlobalSection(ProjectConfigurationPlatforms) = postSolution
		{162096E9-09D4-4B56-8E8E-21A6B2F947A2}.Debug|Any CPU.ActiveCfg = Debug|Win32
		{162096E9-09D4-4B56-8E8E-21A6B2F947A2}.Debug|Any CPU.Build.0 = Debug|Win32
		{162096E9-09D4-4B56-8E8E-21A6B2F947A2}.Debug|ARM.ActiveCfg = Debug|x64
		{162096E9-09D4-4B56-8E8E-21A6B2F947A2}.Debug|ARM.Build.0 = Debug|x64
		{162096E9-09D4-4B56-8E8E-21A6B2F947A2}.Debug|ARM64.ActiveCfg = Debug|x64
		{162096E9-09D4-4B56-8E8E-21A6B2F947A2}.Debug|ARM64.Build.0 = Debug|x64
		{162096E9-09D4-4B56-8E8E-21A6B2F947A2}.Debug|x64.ActiveCfg = Debug|x64
		{162096E9-09D4-4B56-8E8E-21A6B2F947A2}.Debug|x64.Build.0 = Debug|x64
		{162096E9-09D4-4B56-8E8E-21A6B2F947A2}.Debug|x86.ActiveCfg = Debug|Win32
		{162096E9-09D4-4B56-8E8E-21A6B2F947A2}.Debug|x86.Build.0 = Debug|Win32
		{162096E9-09D4-4B56-8E8E-21A6B2F947A2}.Release|Any CPU.ActiveCfg = Release|Win32
		{162096E9-09D4-4B56-8E8E-21A6B2F947A2}.Release|ARM.ActiveCfg = Release|x64
		{162096E9-09D4-4B56-8E8E-21A6B2F947A2}.Release|ARM.Build.0 = Release|x64
		{162096E9-09D4-4B56-8E8E-21A6B2F947A2}.Release|ARM64.ActiveCfg = Release|x64
		{162096E9-09D4-4B56-8E8E-21A6B2F947A2}.Release|ARM64.Build.0 = Release|x64
		{162096E9-09D4-4B56-8E8E-21A6B2F947A2}.Release|x64.ActiveCfg = Release|x64
		{162096E9-09D4-4B56-8E8E-21A6B2F947A2}.Release|x64.Build.0 = Release|x64
		{162096E9-09D4-4B56-8E8E-21A6B2F947A2}.Release|x86.ActiveCfg = Release|Win32
		{162096E9-09D4-4B56-8E8E-21A6B2F947A2}.Release|x86.Build.0 = Release|Win32
		{F6CE975D-8C1C-4239-8938-F3AAEA6C5ACE}.Debug|Any CPU.ActiveCfg = Debug|Win32
		{F6CE975D-8C1C-4239-8938-F3AAEA6C5ACE}.Debug|Any CPU.Build.0 = Debug|Win32
		{F6CE975D-8C1C-4239-8938-F3AAEA6C5ACE}.Debug|ARM.ActiveCfg = Debug|x64
		{F6CE975D-8C1C-4239-8938-F3AAEA6C5ACE}.Debug|ARM.Build.0 = Debug|x64
		{F6CE975D-8C1C-4239-8938-F3AAEA6C5ACE}.Debug|ARM64.ActiveCfg = Debug|x64
		{F6CE975D-8C1C-4239-8938-F3AAEA6C5ACE}.Debug|ARM64.Build.0 = Debug|x64
		{F6CE975D-8C1C-4239-8938-F3AAEA6C5ACE}.Debug|x64.ActiveCfg = Debug|x64
		{F6CE975D-8C1C-4239-8938-F3AAEA6C5ACE}.Debug|x64.Build.0 = Debug|x64
		{F6CE975D-8C1C-4239-8938-F3AAEA6C5ACE}.Debug|x86.ActiveCfg = Debug|Win32
		{F6CE975D-8C1C-4239-8938-F3AAEA6C5ACE}.Debug|x86.Build.0 = Debug|Win32
		{F6CE975D-8C1C-4239-8938-F3AAEA6C5ACE}.Release|Any CPU.ActiveCfg = Release|Win32
		{F6CE975D-8C1C-4239-8938-F3AAEA6C5ACE}.Release|ARM.ActiveCfg = Release|x64
		{F6CE975D-8C1C-4239-8938-F3AAEA6C5ACE}.Release|ARM.Build.0 = Release|x64
		{F6CE975D-8C1C-4239-8938-F3AAEA6C5ACE}.Release|ARM64.ActiveCfg = Release|x64
		{F6CE975D-8C1C-4239-8938-F3AAEA6C5ACE}.Release|ARM64.Build.0 = Release|x64
		{F6CE975D-8C1C-4239-8938-F3AAEA6C5ACE}.Release|x64.ActiveCfg = Release|x64
		{F6CE975D-8C1C-4239-8938-F3AAEA6C5ACE}.Release|x64.Build.0 = Release|x64
		{F6CE975D-8C1C-4239-8938-F3AAEA6C5ACE}.Release|x86.ActiveCfg = Release|Win32
		{F6CE975D-8C1C-4239-8938-F3AAEA6C5ACE}.Release|x86.Build.0 = Release|Win32
		{71E244D1-CE4D-454B-8324-54B0EC660C7E}.Debug|Any CPU.ActiveCfg = Debug|Win32
		{71E244D1-CE4D-454B-8324-54B0EC660C7E}.Debug|Any CPU.Build.0 = Debug|Win32
		{71E244D1-CE4D-454B-8324-54B0EC660C7E}.Debug|ARM.ActiveCfg = Debug|x64
		{71E244D1-CE4D-454B-8324-54B0EC660C7E}.Debug|ARM.Build.0 = Debug|x64
		{71E244D1-CE4D-454B-8324-54B0EC660C7E}.Debug|ARM64.ActiveCfg = Debug|x64
		{71E244D1-CE4D-454B-8324-54B0EC660C7E}.Debug|ARM64.Build.0 = Debug|x64
		{71E244D1-CE4D-454B-8324-54B0EC660C7E}.Debug|x64.ActiveCfg = Debug|x64
		{71E244D1-CE4D-454B-8324-54B0EC660C7E}.Debug|x64.Build.0 = Debug|x64
		{71E244D1-CE4D-454B-8324-54B0EC660C7E}.Debug|x86.ActiveCfg = Debug|Win32
		{71E244D1-CE4D-454B-8324-54B0EC660C7E}.Debug|x86.Build.0 = Debug|Win32
		{71E244D1-CE4D-454B-8324-54B0EC660C7E}.Release|Any CPU.ActiveCfg = Release|Win32
		{71E244D1-CE4D-454B-8324-54B0EC660C7E}.Release|ARM.ActiveCfg = Release|x64
		{71E244D1-CE4D-454B-8324-54B0EC660C7E}.Release|ARM.Build.0 = Release|x64
		{71E244D1-CE4D-454B-8324-54B0EC660C7E}.Release|ARM64.ActiveCfg = Release|x64
		{71E244D1-CE4D-454B-8324-54B0EC660C7E}.Release|ARM64.Build.0 = Release|x64
		{71E244D1-CE4D-454B-8324-54B0EC660C7E}.Release|x64.ActiveCfg = Release|x64
		{71E244D1-CE4D-454B-8324-54B0EC660C7E}.Release|x64.Build.0 = Release|x64
		{71E244D1-CE4D-454B-8324-54B0EC660C7E}.Release|x86.ActiveCfg = Release|Win32
		{71E244D1-CE4D-454B-8324-54B0EC660C7E}.Release|x86.Build.0 = Release|Win32
		{ED79CEAB-CA8A-47C1-8989-430E3A68F2C3}.Debug|Any CPU.ActiveCfg = Debug|Any CPU
		{ED79CEAB-CA8A-47C1-8989-430E3A68F2C3}.Debug|Any CPU.Build.0 = Debug|Any CPU
		{ED79CEAB-CA8A-47C1-8989-430E3A68F2C3}.Debug|ARM.ActiveCfg = Debug|Any CPU
		{ED79CEAB-CA8A-47C1-8989-430E3A68F2C3}.Debug|ARM.Build.0 = Debug|Any CPU
		{ED79CEAB-CA8A-47C1-8989-430E3A68F2C3}.Debug|ARM64.ActiveCfg = Debug|Any CPU
		{ED79CEAB-CA8A-47C1-8989-430E3A68F2C3}.Debug|ARM64.Build.0 = Debug|Any CPU
		{ED79CEAB-CA8A-47C1-8989-430E3A68F2C3}.Debug|x64.ActiveCfg = Debug|Any CPU
		{ED79CEAB-CA8A-47C1-8989-430E3A68F2C3}.Debug|x64.Build.0 = Debug|Any CPU
		{ED79CEAB-CA8A-47C1-8989-430E3A68F2C3}.Debug|x86.ActiveCfg = Debug|Any CPU
		{ED79CEAB-CA8A-47C1-8989-430E3A68F2C3}.Debug|x86.Build.0 = Debug|Any CPU
		{ED79CEAB-CA8A-47C1-8989-430E3A68F2C3}.Release|Any CPU.ActiveCfg = Release|Any CPU
		{ED79CEAB-CA8A-47C1-8989-430E3A68F2C3}.Release|Any CPU.Build.0 = Release|Any CPU
		{ED79CEAB-CA8A-47C1-8989-430E3A68F2C3}.Release|ARM.ActiveCfg = Release|Any CPU
		{ED79CEAB-CA8A-47C1-8989-430E3A68F2C3}.Release|ARM.Build.0 = Release|Any CPU
		{ED79CEAB-CA8A-47C1-8989-430E3A68F2C3}.Release|ARM64.ActiveCfg = Release|Any CPU
		{ED79CEAB-CA8A-47C1-8989-430E3A68F2C3}.Release|ARM64.Build.0 = Release|Any CPU
		{ED79CEAB-CA8A-47C1-8989-430E3A68F2C3}.Release|x64.ActiveCfg = Release|Any CPU
		{ED79CEAB-CA8A-47C1-8989-430E3A68F2C3}.Release|x64.Build.0 = Release|Any CPU
		{ED79CEAB-CA8A-47C1-8989-430E3A68F2C3}.Release|x86.ActiveCfg = Release|Any CPU
		{ED79CEAB-CA8A-47C1-8989-430E3A68F2C3}.Release|x86.Build.0 = Release|Any CPU
		{A20CB1C6-9374-45A4-BCE4-AA2D16274906}.Debug|Any CPU.ActiveCfg = Debug|Win32
		{A20CB1C6-9374-45A4-BCE4-AA2D16274906}.Debug|ARM.ActiveCfg = Debug|x64
		{A20CB1C6-9374-45A4-BCE4-AA2D16274906}.Debug|ARM.Build.0 = Debug|x64
		{A20CB1C6-9374-45A4-BCE4-AA2D16274906}.Debug|ARM64.ActiveCfg = Debug|x64
		{A20CB1C6-9374-45A4-BCE4-AA2D16274906}.Debug|ARM64.Build.0 = Debug|x64
		{A20CB1C6-9374-45A4-BCE4-AA2D16274906}.Debug|x64.ActiveCfg = Debug|x64
		{A20CB1C6-9374-45A4-BCE4-AA2D16274906}.Debug|x64.Build.0 = Debug|x64
		{A20CB1C6-9374-45A4-BCE4-AA2D16274906}.Debug|x86.ActiveCfg = Debug|Win32
		{A20CB1C6-9374-45A4-BCE4-AA2D16274906}.Debug|x86.Build.0 = Debug|Win32
		{A20CB1C6-9374-45A4-BCE4-AA2D16274906}.Release|Any CPU.ActiveCfg = Release|Win32
		{A20CB1C6-9374-45A4-BCE4-AA2D16274906}.Release|ARM.ActiveCfg = Release|x64
		{A20CB1C6-9374-45A4-BCE4-AA2D16274906}.Release|ARM.Build.0 = Release|x64
		{A20CB1C6-9374-45A4-BCE4-AA2D16274906}.Release|ARM64.ActiveCfg = Release|x64
		{A20CB1C6-9374-45A4-BCE4-AA2D16274906}.Release|ARM64.Build.0 = Release|x64
		{A20CB1C6-9374-45A4-BCE4-AA2D16274906}.Release|x64.ActiveCfg = Release|x64
		{A20CB1C6-9374-45A4-BCE4-AA2D16274906}.Release|x64.Build.0 = Release|x64
		{A20CB1C6-9374-45A4-BCE4-AA2D16274906}.Release|x86.ActiveCfg = Release|Win32
		{A20CB1C6-9374-45A4-BCE4-AA2D16274906}.Release|x86.Build.0 = Release|Win32
		{43CDD6B4-9AD6-4C9B-A4B7-F4B069968AFC}.Debug|Any CPU.ActiveCfg = Debug|Any CPU
		{43CDD6B4-9AD6-4C9B-A4B7-F4B069968AFC}.Debug|Any CPU.Build.0 = Debug|Any CPU
		{43CDD6B4-9AD6-4C9B-A4B7-F4B069968AFC}.Debug|ARM.ActiveCfg = Debug|Any CPU
		{43CDD6B4-9AD6-4C9B-A4B7-F4B069968AFC}.Debug|ARM.Build.0 = Debug|Any CPU
		{43CDD6B4-9AD6-4C9B-A4B7-F4B069968AFC}.Debug|ARM64.ActiveCfg = Debug|Any CPU
		{43CDD6B4-9AD6-4C9B-A4B7-F4B069968AFC}.Debug|ARM64.Build.0 = Debug|Any CPU
		{43CDD6B4-9AD6-4C9B-A4B7-F4B069968AFC}.Debug|x64.ActiveCfg = Debug|Any CPU
		{43CDD6B4-9AD6-4C9B-A4B7-F4B069968AFC}.Debug|x64.Build.0 = Debug|Any CPU
		{43CDD6B4-9AD6-4C9B-A4B7-F4B069968AFC}.Debug|x86.ActiveCfg = Debug|Any CPU
		{43CDD6B4-9AD6-4C9B-A4B7-F4B069968AFC}.Debug|x86.Build.0 = Debug|Any CPU
		{43CDD6B4-9AD6-4C9B-A4B7-F4B069968AFC}.Release|Any CPU.ActiveCfg = Release|Any CPU
		{43CDD6B4-9AD6-4C9B-A4B7-F4B069968AFC}.Release|Any CPU.Build.0 = Release|Any CPU
		{43CDD6B4-9AD6-4C9B-A4B7-F4B069968AFC}.Release|ARM.ActiveCfg = Release|Any CPU
		{43CDD6B4-9AD6-4C9B-A4B7-F4B069968AFC}.Release|ARM.Build.0 = Release|Any CPU
		{43CDD6B4-9AD6-4C9B-A4B7-F4B069968AFC}.Release|ARM64.ActiveCfg = Release|Any CPU
		{43CDD6B4-9AD6-4C9B-A4B7-F4B069968AFC}.Release|ARM64.Build.0 = Release|Any CPU
		{43CDD6B4-9AD6-4C9B-A4B7-F4B069968AFC}.Release|x64.ActiveCfg = Release|Any CPU
		{43CDD6B4-9AD6-4C9B-A4B7-F4B069968AFC}.Release|x64.Build.0 = Release|Any CPU
		{43CDD6B4-9AD6-4C9B-A4B7-F4B069968AFC}.Release|x86.ActiveCfg = Release|Any CPU
		{43CDD6B4-9AD6-4C9B-A4B7-F4B069968AFC}.Release|x86.Build.0 = Release|Any CPU
		{C1A21DD7-A4CA-41D2-AD6C-206E0D8669CF}.Debug|Any CPU.ActiveCfg = Debug|Win32
		{C1A21DD7-A4CA-41D2-AD6C-206E0D8669CF}.Debug|ARM.ActiveCfg = Debug|x64
		{C1A21DD7-A4CA-41D2-AD6C-206E0D8669CF}.Debug|ARM.Build.0 = Debug|x64
		{C1A21DD7-A4CA-41D2-AD6C-206E0D8669CF}.Debug|ARM64.ActiveCfg = Debug|x64
		{C1A21DD7-A4CA-41D2-AD6C-206E0D8669CF}.Debug|ARM64.Build.0 = Debug|x64
		{C1A21DD7-A4CA-41D2-AD6C-206E0D8669CF}.Debug|x64.ActiveCfg = Debug|x64
		{C1A21DD7-A4CA-41D2-AD6C-206E0D8669CF}.Debug|x64.Build.0 = Debug|x64
		{C1A21DD7-A4CA-41D2-AD6C-206E0D8669CF}.Debug|x86.ActiveCfg = Debug|Win32
		{C1A21DD7-A4CA-41D2-AD6C-206E0D8669CF}.Debug|x86.Build.0 = Debug|Win32
		{C1A21DD7-A4CA-41D2-AD6C-206E0D8669CF}.Release|Any CPU.ActiveCfg = Release|Win32
		{C1A21DD7-A4CA-41D2-AD6C-206E0D8669CF}.Release|ARM.ActiveCfg = Release|x64
		{C1A21DD7-A4CA-41D2-AD6C-206E0D8669CF}.Release|ARM.Build.0 = Release|x64
		{C1A21DD7-A4CA-41D2-AD6C-206E0D8669CF}.Release|ARM64.ActiveCfg = Release|x64
		{C1A21DD7-A4CA-41D2-AD6C-206E0D8669CF}.Release|ARM64.Build.0 = Release|x64
		{C1A21DD7-A4CA-41D2-AD6C-206E0D8669CF}.Release|x64.ActiveCfg = Release|x64
		{C1A21DD7-A4CA-41D2-AD6C-206E0D8669CF}.Release|x64.Build.0 = Release|x64
		{C1A21DD7-A4CA-41D2-AD6C-206E0D8669CF}.Release|x86.ActiveCfg = Release|Win32
		{C1A21DD7-A4CA-41D2-AD6C-206E0D8669CF}.Release|x86.Build.0 = Release|Win32
		{6B1DC588-17F5-4C0D-8ABF-18E4112D5626}.Debug|Any CPU.ActiveCfg = Debug|Any CPU
		{6B1DC588-17F5-4C0D-8ABF-18E4112D5626}.Debug|Any CPU.Build.0 = Debug|Any CPU
		{6B1DC588-17F5-4C0D-8ABF-18E4112D5626}.Debug|ARM.ActiveCfg = Debug|Any CPU
		{6B1DC588-17F5-4C0D-8ABF-18E4112D5626}.Debug|ARM.Build.0 = Debug|Any CPU
		{6B1DC588-17F5-4C0D-8ABF-18E4112D5626}.Debug|ARM64.ActiveCfg = Debug|Any CPU
		{6B1DC588-17F5-4C0D-8ABF-18E4112D5626}.Debug|ARM64.Build.0 = Debug|Any CPU
		{6B1DC588-17F5-4C0D-8ABF-18E4112D5626}.Debug|x64.ActiveCfg = Debug|Any CPU
		{6B1DC588-17F5-4C0D-8ABF-18E4112D5626}.Debug|x64.Build.0 = Debug|Any CPU
		{6B1DC588-17F5-4C0D-8ABF-18E4112D5626}.Debug|x86.ActiveCfg = Debug|Any CPU
		{6B1DC588-17F5-4C0D-8ABF-18E4112D5626}.Debug|x86.Build.0 = Debug|Any CPU
		{6B1DC588-17F5-4C0D-8ABF-18E4112D5626}.Release|Any CPU.ActiveCfg = Release|Any CPU
		{6B1DC588-17F5-4C0D-8ABF-18E4112D5626}.Release|Any CPU.Build.0 = Release|Any CPU
		{6B1DC588-17F5-4C0D-8ABF-18E4112D5626}.Release|ARM.ActiveCfg = Release|Any CPU
		{6B1DC588-17F5-4C0D-8ABF-18E4112D5626}.Release|ARM.Build.0 = Release|Any CPU
		{6B1DC588-17F5-4C0D-8ABF-18E4112D5626}.Release|ARM64.ActiveCfg = Release|Any CPU
		{6B1DC588-17F5-4C0D-8ABF-18E4112D5626}.Release|ARM64.Build.0 = Release|Any CPU
		{6B1DC588-17F5-4C0D-8ABF-18E4112D5626}.Release|x64.ActiveCfg = Release|Any CPU
		{6B1DC588-17F5-4C0D-8ABF-18E4112D5626}.Release|x64.Build.0 = Release|Any CPU
		{6B1DC588-17F5-4C0D-8ABF-18E4112D5626}.Release|x86.ActiveCfg = Release|Any CPU
		{6B1DC588-17F5-4C0D-8ABF-18E4112D5626}.Release|x86.Build.0 = Release|Any CPU
	EndGlobalSection
	GlobalSection(SolutionProperties) = preSolution
		HideSolutionNode = FALSE
	EndGlobalSection
	GlobalSection(ExtensibilityGlobals) = postSolution
		SolutionGuid = {84413FD9-52CF-41B0-856F-222D7405D07E}
	EndGlobalSection
EndGlobal
